
Microsoft Visual Studio Solution File, Format Version 12.00
# Visual Studio 15
VisualStudioVersion = 15.0.27703.2042
MinimumVisualStudioVersion = 10.0.40219.1
Project("{FAE04EC0-301F-11D3-BF4B-00C04F79EFBC}") = "QuizCompetition", "QuizCompetition\QuizCompetition.csproj", "{9584AA9E-B660-4CBC-8D43-0EFC0AC51811}"
	ProjectSection(ProjectDependencies) = postProject
		{F42623A6-7D31-47DB-9599-E8FEC85DBCB6} = {F42623A6-7D31-47DB-9599-E8FEC85DBCB6}
		{C7B1CEC2-DA9D-4816-AEA7-ED6CBB9DEE46} = {C7B1CEC2-DA9D-4816-AEA7-ED6CBB9DEE46}
	EndProjectSection
EndProject
Project("{FAE04EC0-301F-11D3-BF4B-00C04F79EFBC}") = "QuizCompetition.Tests", "QuizCompetition.Tests\QuizCompetition.Tests.csproj", "{057D98B5-F3D4-47B9-9B8E-1645F67EAA46}"
	ProjectSection(ProjectDependencies) = postProject
		{54F1DF25-4424-41EA-BA84-2CB4203B14E3} = {54F1DF25-4424-41EA-BA84-2CB4203B14E3}
		{F42623A6-7D31-47DB-9599-E8FEC85DBCB6} = {F42623A6-7D31-47DB-9599-E8FEC85DBCB6}
		{C7B1CEC2-DA9D-4816-AEA7-ED6CBB9DEE46} = {C7B1CEC2-DA9D-4816-AEA7-ED6CBB9DEE46}
	EndProjectSection
EndProject
Project("{FAE04EC0-301F-11D3-BF4B-00C04F79EFBC}") = "Model", "Model\Model.csproj", "{F42623A6-7D31-47DB-9599-E8FEC85DBCB6}"
EndProject
Project("{FAE04EC0-301F-11D3-BF4B-00C04F79EFBC}") = "DAL", "DAL\DAL.csproj", "{54F1DF25-4424-41EA-BA84-2CB4203B14E3}"
	ProjectSection(ProjectDependencies) = postProject
		{F42623A6-7D31-47DB-9599-E8FEC85DBCB6} = {F42623A6-7D31-47DB-9599-E8FEC85DBCB6}
	EndProjectSection
EndProject
Project("{FAE04EC0-301F-11D3-BF4B-00C04F79EFBC}") = "BLL", "BLL\BLL.csproj", "{C7B1CEC2-DA9D-4816-AEA7-ED6CBB9DEE46}"
	ProjectSection(ProjectDependencies) = postProject
		{54F1DF25-4424-41EA-BA84-2CB4203B14E3} = {54F1DF25-4424-41EA-BA84-2CB4203B14E3}
		{F42623A6-7D31-47DB-9599-E8FEC85DBCB6} = {F42623A6-7D31-47DB-9599-E8FEC85DBCB6}
	EndProjectSection
EndProject
Global
	GlobalSection(SolutionConfigurationPlatforms) = preSolution
		Debug|Any CPU = Debug|Any CPU
		Release|Any CPU = Release|Any CPU
	EndGlobalSection
	GlobalSection(ProjectConfigurationPlatforms) = postSolution
		{9584AA9E-B660-4CBC-8D43-0EFC0AC51811}.Debug|Any CPU.ActiveCfg = Debug|Any CPU
		{9584AA9E-B660-4CBC-8D43-0EFC0AC51811}.Debug|Any CPU.Build.0 = Debug|Any CPU
		{9584AA9E-B660-4CBC-8D43-0EFC0AC51811}.Release|Any CPU.ActiveCfg = Release|Any CPU
		{9584AA9E-B660-4CBC-8D43-0EFC0AC51811}.Release|Any CPU.Build.0 = Release|Any CPU
		{057D98B5-F3D4-47B9-9B8E-1645F67EAA46}.Debug|Any CPU.ActiveCfg = Debug|Any CPU
		{057D98B5-F3D4-47B9-9B8E-1645F67EAA46}.Debug|Any CPU.Build.0 = Debug|Any CPU
		{057D98B5-F3D4-47B9-9B8E-1645F67EAA46}.Release|Any CPU.ActiveCfg = Release|Any CPU
		{057D98B5-F3D4-47B9-9B8E-1645F67EAA46}.Release|Any CPU.Build.0 = Release|Any CPU
		{F42623A6-7D31-47DB-9599-E8FEC85DBCB6}.Debug|Any CPU.ActiveCfg = Debug|Any CPU
		{F42623A6-7D31-47DB-9599-E8FEC85DBCB6}.Debug|Any CPU.Build.0 = Debug|Any CPU
		{F42623A6-7D31-47DB-9599-E8FEC85DBCB6}.Release|Any CPU.ActiveCfg = Release|Any CPU
		{F42623A6-7D31-47DB-9599-E8FEC85DBCB6}.Release|Any CPU.Build.0 = Release|Any CPU
		{54F1DF25-4424-41EA-BA84-2CB4203B14E3}.Debug|Any CPU.ActiveCfg = Debug|Any CPU
		{54F1DF25-4424-41EA-BA84-2CB4203B14E3}.Debug|Any CPU.Build.0 = Debug|Any CPU
		{54F1DF25-4424-41EA-BA84-2CB4203B14E3}.Release|Any CPU.ActiveCfg = Release|Any CPU
		{54F1DF25-4424-41EA-BA84-2CB4203B14E3}.Release|Any CPU.Build.0 = Release|Any CPU
		{C7B1CEC2-DA9D-4816-AEA7-ED6CBB9DEE46}.Debug|Any CPU.ActiveCfg = Debug|Any CPU
		{C7B1CEC2-DA9D-4816-AEA7-ED6CBB9DEE46}.Debug|Any CPU.Build.0 = Debug|Any CPU
		{C7B1CEC2-DA9D-4816-AEA7-ED6CBB9DEE46}.Release|Any CPU.ActiveCfg = Release|Any CPU
		{C7B1CEC2-DA9D-4816-AEA7-ED6CBB9DEE46}.Release|Any CPU.Build.0 = Release|Any CPU
	EndGlobalSection
	GlobalSection(SolutionProperties) = preSolution
		HideSolutionNode = FALSE
	EndGlobalSection
	GlobalSection(ExtensibilityGlobals) = postSolution
		SolutionGuid = {4B1B519E-E2FF-4474-A216-486D41C45F4C}
	EndGlobalSection
EndGlobal
